
Microsoft Visual Studio Solution File, Format Version 12.00
# Visual Studio Version 17
VisualStudioVersion = 17.4.32804.182
MinimumVisualStudioVersion = 10.0.40219.1
Project("{FAE04EC0-301F-11D3-BF4B-00C04F79EFBC}") = "DemoClientFactory", "DemoClientFactory\DemoClientFactory.csproj", "{CF8CB4A7-A016-4357-9C9F-2034847990B3}"
EndProject
Global
	GlobalSection(SolutionConfigurationPlatforms) = preSolution
		Debug|Any CPU = Debug|Any CPU
		Release|Any CPU = Release|Any CPU
	EndGlobalSection
	GlobalSection(ProjectConfigurationPlatforms) = postSolution
		{CF8CB4A7-A016-4357-9C9F-2034847990B3}.Debug|Any CPU.ActiveCfg = Debug|Any CPU
		{CF8CB4A7-A016-4357-9C9F-2034847990B3}.Debug|Any CPU.Build.0 = Debug|Any CPU
		{CF8CB4A7-A016-4357-9C9F-2034847990B3}.Release|Any CPU.ActiveCfg = Release|Any CPU
		{CF8CB4A7-A016-4357-9C9F-2034847990B3}.Release|Any CPU.Build.0 = Release|Any CPU
	EndGlobalSection
	GlobalSection(SolutionProperties) = preSolution
		HideSolutionNode = FALSE
	EndGlobalSection
	GlobalSection(ExtensibilityGlobals) = postSolution
		SolutionGuid = {938DDDD7-2819-49C7-830F-238E97811350}
	EndGlobalSection
EndGlobal
